// !$*UTF8*$!
{
	archiveVersion = 1;
	classes = {
	};
	objectVersion = 46;
	objects = {

/* Begin PBXBuildFile section */
		C404A61F1BFEB4EB00F8DF94 /* RCData.m in Sources */ = {isa = PBXBuildFile; fileRef = C404A61E1BFEB4EB00F8DF94 /* RCData.m */; };
		C4A96B681BDF0E4700412F9E /* main.m in Sources */ = {isa = PBXBuildFile; fileRef = C4A96B671BDF0E4700412F9E /* main.m */; };
		C4A96B6B1BDF0E4700412F9E /* AppDelegate.m in Sources */ = {isa = PBXBuildFile; fileRef = C4A96B6A1BDF0E4700412F9E /* AppDelegate.m */; };
		C4A96B6E1BDF0E4700412F9E /* ViewController.m in Sources */ = {isa = PBXBuildFile; fileRef = C4A96B6D1BDF0E4700412F9E /* ViewController.m */; };
		C4A96B711BDF0E4800412F9E /* Main.storyboard in Resources */ = {isa = PBXBuildFile; fileRef = C4A96B6F1BDF0E4800412F9E /* Main.storyboard */; };
		C4A96B731BDF0E4800412F9E /* Images.xcassets in Resources */ = {isa = PBXBuildFile; fileRef = C4A96B721BDF0E4800412F9E /* Images.xcassets */; };
		C4A96B761BDF0E4800412F9E /* LaunchScreen.xib in Resources */ = {isa = PBXBuildFile; fileRef = C4A96B741BDF0E4800412F9E /* LaunchScreen.xib */; };
		C4A96B821BDF0E4800412F9E /* RacoonTests.m in Sources */ = {isa = PBXBuildFile; fileRef = C4A96B811BDF0E4800412F9E /* RacoonTests.m */; };
		C4A96B8D1BDF0E8200412F9E /* RCSingleBar.m in Sources */ = {isa = PBXBuildFile; fileRef = C4A96B8C1BDF0E8200412F9E /* RCSingleBar.m */; };
		C4A96B901BDF0EAD00412F9E /* RCDoughnut.m in Sources */ = {isa = PBXBuildFile; fileRef = C4A96B8F1BDF0EAD00412F9E /* RCDoughnut.m */; };
		C4A96B931BDF0F9B00412F9E /* TestView.m in Sources */ = {isa = PBXBuildFile; fileRef = C4A96B921BDF0F9B00412F9E /* TestView.m */; };
		C4A96B971BDF105400412F9E /* RCLineChart.m in Sources */ = {isa = PBXBuildFile; fileRef = C4A96B961BDF105400412F9E /* RCLineChart.m */; };
		C4A96B9A1BDF138B00412F9E /* RCStackBar.m in Sources */ = {isa = PBXBuildFile; fileRef = C4A96B991BDF138B00412F9E /* RCStackBar.m */; };
		C4A96B9D1BDF1B1A00412F9E /* RCBar.m in Sources */ = {isa = PBXBuildFile; fileRef = C4A96B9C1BDF1B1A00412F9E /* RCBar.m */; };
		C4A96BA31BE3546E00412F9E /* RCPolar.m in Sources */ = {isa = PBXBuildFile; fileRef = C4A96BA21BE3546E00412F9E /* RCPolar.m */; };
/* End PBXBuildFile section */

/* Begin PBXContainerItemProxy section */
		C4A96B7C1BDF0E4800412F9E /* PBXContainerItemProxy */ = {
			isa = PBXContainerItemProxy;
			containerPortal = C4A96B5A1BDF0E4700412F9E /* Project object */;
			proxyType = 1;
			remoteGlobalIDString = C4A96B611BDF0E4700412F9E;
			remoteInfo = Racoon;
		};
/* End PBXContainerItemProxy section */

/* Begin PBXFileReference section */
		C404A61D1BFEB4EB00F8DF94 /* RCData.h */ = {isa = PBXFileReference; fileEncoding = 4; lastKnownFileType = sourcecode.c.h; path = RCData.h; sourceTree = "<group>"; };
		C404A61E1BFEB4EB00F8DF94 /* RCData.m */ = {isa = PBXFileReference; fileEncoding = 4; lastKnownFileType = sourcecode.c.objc; path = RCData.m; sourceTree = "<group>"; };
		C4A96B621BDF0E4700412F9E /* Racoon.app */ = {isa = PBXFileReference; explicitFileType = wrapper.application; includeInIndex = 0; path = Racoon.app; sourceTree = BUILT_PRODUCTS_DIR; };
		C4A96B661BDF0E4700412F9E /* Info.plist */ = {isa = PBXFileReference; lastKnownFileType = text.plist.xml; path = Info.plist; sourceTree = "<group>"; };
		C4A96B671BDF0E4700412F9E /* main.m */ = {isa = PBXFileReference; lastKnownFileType = sourcecode.c.objc; path = main.m; sourceTree = "<group>"; };
		C4A96B691BDF0E4700412F9E /* AppDelegate.h */ = {isa = PBXFileReference; lastKnownFileType = sourcecode.c.h; path = AppDelegate.h; sourceTree = "<group>"; };
		C4A96B6A1BDF0E4700412F9E /* AppDelegate.m */ = {isa = PBXFileReference; lastKnownFileType = sourcecode.c.objc; path = AppDelegate.m; sourceTree = "<group>"; };
		C4A96B6C1BDF0E4700412F9E /* ViewController.h */ = {isa = PBXFileReference; lastKnownFileType = sourcecode.c.h; path = ViewController.h; sourceTree = "<group>"; };
		C4A96B6D1BDF0E4700412F9E /* ViewController.m */ = {isa = PBXFileReference; lastKnownFileType = sourcecode.c.objc; path = ViewController.m; sourceTree = "<group>"; };
		C4A96B701BDF0E4800412F9E /* Base */ = {isa = PBXFileReference; lastKnownFileType = file.storyboard; name = Base; path = Base.lproj/Main.storyboard; sourceTree = "<group>"; };
		C4A96B721BDF0E4800412F9E /* Images.xcassets */ = {isa = PBXFileReference; lastKnownFileType = folder.assetcatalog; path = Images.xcassets; sourceTree = "<group>"; };
		C4A96B751BDF0E4800412F9E /* Base */ = {isa = PBXFileReference; lastKnownFileType = file.xib; name = Base; path = Base.lproj/LaunchScreen.xib; sourceTree = "<group>"; };
		C4A96B7B1BDF0E4800412F9E /* RacoonTests.xctest */ = {isa = PBXFileReference; explicitFileType = wrapper.cfbundle; includeInIndex = 0; path = RacoonTests.xctest; sourceTree = BUILT_PRODUCTS_DIR; };
		C4A96B801BDF0E4800412F9E /* Info.plist */ = {isa = PBXFileReference; lastKnownFileType = text.plist.xml; path = Info.plist; sourceTree = "<group>"; };
		C4A96B811BDF0E4800412F9E /* RacoonTests.m */ = {isa = PBXFileReference; lastKnownFileType = sourcecode.c.objc; path = RacoonTests.m; sourceTree = "<group>"; };
		C4A96B8B1BDF0E8200412F9E /* RCSingleBar.h */ = {isa = PBXFileReference; fileEncoding = 4; lastKnownFileType = sourcecode.c.h; path = RCSingleBar.h; sourceTree = "<group>"; };
		C4A96B8C1BDF0E8200412F9E /* RCSingleBar.m */ = {isa = PBXFileReference; fileEncoding = 4; lastKnownFileType = sourcecode.c.objc; path = RCSingleBar.m; sourceTree = "<group>"; };
		C4A96B8E1BDF0EAD00412F9E /* RCDoughnut.h */ = {isa = PBXFileReference; fileEncoding = 4; lastKnownFileType = sourcecode.c.h; path = RCDoughnut.h; sourceTree = "<group>"; };
		C4A96B8F1BDF0EAD00412F9E /* RCDoughnut.m */ = {isa = PBXFileReference; fileEncoding = 4; lastKnownFileType = sourcecode.c.objc; path = RCDoughnut.m; sourceTree = "<group>"; };
		C4A96B911BDF0F9B00412F9E /* TestView.h */ = {isa = PBXFileReference; fileEncoding = 4; lastKnownFileType = sourcecode.c.h; path = TestView.h; sourceTree = "<group>"; };
		C4A96B921BDF0F9B00412F9E /* TestView.m */ = {isa = PBXFileReference; fileEncoding = 4; lastKnownFileType = sourcecode.c.objc; path = TestView.m; sourceTree = "<group>"; };
		C4A96B941BDF101400412F9E /* Racoon.h */ = {isa = PBXFileReference; lastKnownFileType = sourcecode.c.h; path = Racoon.h; sourceTree = "<group>"; };
		C4A96B951BDF105400412F9E /* RCLineChart.h */ = {isa = PBXFileReference; fileEncoding = 4; lastKnownFileType = sourcecode.c.h; path = RCLineChart.h; sourceTree = "<group>"; };
		C4A96B961BDF105400412F9E /* RCLineChart.m */ = {isa = PBXFileReference; fileEncoding = 4; lastKnownFileType = sourcecode.c.objc; path = RCLineChart.m; sourceTree = "<group>"; };
		C4A96B981BDF138B00412F9E /* RCStackBar.h */ = {isa = PBXFileReference; fileEncoding = 4; lastKnownFileType = sourcecode.c.h; path = RCStackBar.h; sourceTree = "<group>"; };
		C4A96B991BDF138B00412F9E /* RCStackBar.m */ = {isa = PBXFileReference; fileEncoding = 4; lastKnownFileType = sourcecode.c.objc; path = RCStackBar.m; sourceTree = "<group>"; };
		C4A96B9B1BDF1B1A00412F9E /* RCBar.h */ = {isa = PBXFileReference; fileEncoding = 4; lastKnownFileType = sourcecode.c.h; path = RCBar.h; sourceTree = "<group>"; };
		C4A96B9C1BDF1B1A00412F9E /* RCBar.m */ = {isa = PBXFileReference; fileEncoding = 4; lastKnownFileType = sourcecode.c.objc; path = RCBar.m; sourceTree = "<group>"; };
		C4A96BA11BE3546E00412F9E /* RCPolar.h */ = {isa = PBXFileReference; fileEncoding = 4; lastKnownFileType = sourcecode.c.h; path = RCPolar.h; sourceTree = "<group>"; };
		C4A96BA21BE3546E00412F9E /* RCPolar.m */ = {isa = PBXFileReference; fileEncoding = 4; lastKnownFileType = sourcecode.c.objc; path = RCPolar.m; sourceTree = "<group>"; };
/* End PBXFileReference section */

/* Begin PBXFrameworksBuildPhase section */
		C4A96B5F1BDF0E4700412F9E /* Frameworks */ = {
			isa = PBXFrameworksBuildPhase;
			buildActionMask = 2147483647;
			files = (
			);
			runOnlyForDeploymentPostprocessing = 0;
		};
		C4A96B781BDF0E4800412F9E /* Frameworks */ = {
			isa = PBXFrameworksBuildPhase;
			buildActionMask = 2147483647;
			files = (
			);
			runOnlyForDeploymentPostprocessing = 0;
		};
/* End PBXFrameworksBuildPhase section */

/* Begin PBXGroup section */
		C404A6201BFEB4F400F8DF94 /* Model */ = {
			isa = PBXGroup;
			children = (
				C4A96B9B1BDF1B1A00412F9E /* RCBar.h */,
				C4A96B9C1BDF1B1A00412F9E /* RCBar.m */,
				C404A61D1BFEB4EB00F8DF94 /* RCData.h */,
				C404A61E1BFEB4EB00F8DF94 /* RCData.m */,
			);
			name = Model;
			sourceTree = "<group>";
		};
		C4A96B591BDF0E4700412F9E = {
			isa = PBXGroup;
			children = (
				C4A96B641BDF0E4700412F9E /* Racoon */,
				C4A96B7E1BDF0E4800412F9E /* RacoonTests */,
				C4A96B631BDF0E4700412F9E /* Products */,
			);
			sourceTree = "<group>";
		};
		C4A96B631BDF0E4700412F9E /* Products */ = {
			isa = PBXGroup;
			children = (
				C4A96B621BDF0E4700412F9E /* Racoon.app */,
				C4A96B7B1BDF0E4800412F9E /* RacoonTests.xctest */,
			);
			name = Products;
			sourceTree = "<group>";
		};
		C4A96B641BDF0E4700412F9E /* Racoon */ = {
			isa = PBXGroup;
			children = (
				C404A6201BFEB4F400F8DF94 /* Model */,
				C4A96B691BDF0E4700412F9E /* AppDelegate.h */,
				C4A96B6A1BDF0E4700412F9E /* AppDelegate.m */,
				C4A96B6C1BDF0E4700412F9E /* ViewController.h */,
				C4A96B6D1BDF0E4700412F9E /* ViewController.m */,
				C4A96B911BDF0F9B00412F9E /* TestView.h */,
				C4A96B921BDF0F9B00412F9E /* TestView.m */,
				C4A96B6F1BDF0E4800412F9E /* Main.storyboard */,
				C4A96B721BDF0E4800412F9E /* Images.xcassets */,
				C4A96B741BDF0E4800412F9E /* LaunchScreen.xib */,
				C4A96B651BDF0E4700412F9E /* Supporting Files */,
				C4A96B8B1BDF0E8200412F9E /* RCSingleBar.h */,
				C4A96B8C1BDF0E8200412F9E /* RCSingleBar.m */,
				C4A96B981BDF138B00412F9E /* RCStackBar.h */,
				C4A96B991BDF138B00412F9E /* RCStackBar.m */,
				C4A96B8E1BDF0EAD00412F9E /* RCDoughnut.h */,
				C4A96B8F1BDF0EAD00412F9E /* RCDoughnut.m */,
				C4A96B951BDF105400412F9E /* RCLineChart.h */,
				C4A96B961BDF105400412F9E /* RCLineChart.m */,
				C4A96BA11BE3546E00412F9E /* RCPolar.h */,
				C4A96BA21BE3546E00412F9E /* RCPolar.m */,
				C4A96B941BDF101400412F9E /* Racoon.h */,
			);
			path = Racoon;
			sourceTree = "<group>";
		};
		C4A96B651BDF0E4700412F9E /* Supporting Files */ = {
			isa = PBXGroup;
			children = (
				C4A96B661BDF0E4700412F9E /* Info.plist */,
				C4A96B671BDF0E4700412F9E /* main.m */,
			);
			name = "Supporting Files";
			sourceTree = "<group>";
		};
		C4A96B7E1BDF0E4800412F9E /* RacoonTests */ = {
			isa = PBXGroup;
			children = (
				C4A96B811BDF0E4800412F9E /* RacoonTests.m */,
				C4A96B7F1BDF0E4800412F9E /* Supporting Files */,
			);
			path = RacoonTests;
			sourceTree = "<group>";
		};
		C4A96B7F1BDF0E4800412F9E /* Supporting Files */ = {
			isa = PBXGroup;
			children = (
				C4A96B801BDF0E4800412F9E /* Info.plist */,
			);
			name = "Supporting Files";
			sourceTree = "<group>";
		};
/* End PBXGroup section */

/* Begin PBXNativeTarget section */
		C4A96B611BDF0E4700412F9E /* Racoon */ = {
			isa = PBXNativeTarget;
			buildConfigurationList = C4A96B851BDF0E4800412F9E /* Build configuration list for PBXNativeTarget "Racoon" */;
			buildPhases = (
				C4A96B5E1BDF0E4700412F9E /* Sources */,
				C4A96B5F1BDF0E4700412F9E /* Frameworks */,
				C4A96B601BDF0E4700412F9E /* Resources */,
			);
			buildRules = (
			);
			dependencies = (
			);
			name = Racoon;
			productName = Racoon;
			productReference = C4A96B621BDF0E4700412F9E /* Racoon.app */;
			productType = "com.apple.product-type.application";
		};
		C4A96B7A1BDF0E4800412F9E /* RacoonTests */ = {
			isa = PBXNativeTarget;
			buildConfigurationList = C4A96B881BDF0E4800412F9E /* Build configuration list for PBXNativeTarget "RacoonTests" */;
			buildPhases = (
				C4A96B771BDF0E4800412F9E /* Sources */,
				C4A96B781BDF0E4800412F9E /* Frameworks */,
				C4A96B791BDF0E4800412F9E /* Resources */,
			);
			buildRules = (
			);
			dependencies = (
				C4A96B7D1BDF0E4800412F9E /* PBXTargetDependency */,
			);
			name = RacoonTests;
			productName = RacoonTests;
			productReference = C4A96B7B1BDF0E4800412F9E /* RacoonTests.xctest */;
			productType = "com.apple.product-type.bundle.unit-test";
		};
/* End PBXNativeTarget section */

/* Begin PBXProject section */
		C4A96B5A1BDF0E4700412F9E /* Project object */ = {
			isa = PBXProject;
			attributes = {
				LastUpgradeCheck = 0710;
				ORGANIZATIONNAME = mocca;
				TargetAttributes = {
					C4A96B611BDF0E4700412F9E = {
						CreatedOnToolsVersion = 6.4;
					};
					C4A96B7A1BDF0E4800412F9E = {
						CreatedOnToolsVersion = 6.4;
						TestTargetID = C4A96B611BDF0E4700412F9E;
					};
				};
			};
			buildConfigurationList = C4A96B5D1BDF0E4700412F9E /* Build configuration list for PBXProject "Racoon" */;
			compatibilityVersion = "Xcode 3.2";
			developmentRegion = English;
			hasScannedForEncodings = 0;
			knownRegions = (
				en,
				Base,
			);
			mainGroup = C4A96B591BDF0E4700412F9E;
			productRefGroup = C4A96B631BDF0E4700412F9E /* Products */;
			projectDirPath = "";
			projectRoot = "";
			targets = (
				C4A96B611BDF0E4700412F9E /* Racoon */,
				C4A96B7A1BDF0E4800412F9E /* RacoonTests */,
			);
		};
/* End PBXProject section */

/* Begin PBXResourcesBuildPhase section */
		C4A96B601BDF0E4700412F9E /* Resources */ = {
			isa = PBXResourcesBuildPhase;
			buildActionMask = 2147483647;
			files = (
				C4A96B711BDF0E4800412F9E /* Main.storyboard in Resources */,
				C4A96B761BDF0E4800412F9E /* LaunchScreen.xib in Resources */,
				C4A96B731BDF0E4800412F9E /* Images.xcassets in Resources */,
			);
			runOnlyForDeploymentPostprocessing = 0;
		};
		C4A96B791BDF0E4800412F9E /* Resources */ = {
			isa = PBXResourcesBuildPhase;
			buildActionMask = 2147483647;
			files = (
			);
			runOnlyForDeploymentPostprocessing = 0;
		};
/* End PBXResourcesBuildPhase section */

/* Begin PBXSourcesBuildPhase section */
		C4A96B5E1BDF0E4700412F9E /* Sources */ = {
			isa = PBXSourcesBuildPhase;
			buildActionMask = 2147483647;
			files = (
				C4A96B901BDF0EAD00412F9E /* RCDoughnut.m in Sources */,
				C4A96B8D1BDF0E8200412F9E /* RCSingleBar.m in Sources */,
				C4A96B971BDF105400412F9E /* RCLineChart.m in Sources */,
				C4A96B6E1BDF0E4700412F9E /* ViewController.m in Sources */,
				C4A96B6B1BDF0E4700412F9E /* AppDelegate.m in Sources */,
				C4A96B931BDF0F9B00412F9E /* TestView.m in Sources */,
				C4A96B9D1BDF1B1A00412F9E /* RCBar.m in Sources */,
				C404A61F1BFEB4EB00F8DF94 /* RCData.m in Sources */,
				C4A96BA31BE3546E00412F9E /* RCPolar.m in Sources */,
				C4A96B681BDF0E4700412F9E /* main.m in Sources */,
				C4A96B9A1BDF138B00412F9E /* RCStackBar.m in Sources */,
			);
			runOnlyForDeploymentPostprocessing = 0;
		};
		C4A96B771BDF0E4800412F9E /* Sources */ = {
			isa = PBXSourcesBuildPhase;
			buildActionMask = 2147483647;
			files = (
				C4A96B821BDF0E4800412F9E /* RacoonTests.m in Sources */,
			);
			runOnlyForDeploymentPostprocessing = 0;
		};
/* End PBXSourcesBuildPhase section */

/* Begin PBXTargetDependency section */
		C4A96B7D1BDF0E4800412F9E /* PBXTargetDependency */ = {
			isa = PBXTargetDependency;
			target = C4A96B611BDF0E4700412F9E /* Racoon */;
			targetProxy = C4A96B7C1BDF0E4800412F9E /* PBXContainerItemProxy */;
		};
/* End PBXTargetDependency section */

/* Begin PBXVariantGroup section */
		C4A96B6F1BDF0E4800412F9E /* Main.storyboard */ = {
			isa = PBXVariantGroup;
			children = (
				C4A96B701BDF0E4800412F9E /* Base */,
			);
			name = Main.storyboard;
			sourceTree = "<group>";
		};
		C4A96B741BDF0E4800412F9E /* LaunchScreen.xib */ = {
			isa = PBXVariantGroup;
			children = (
				C4A96B751BDF0E4800412F9E /* Base */,
			);
			name = LaunchScreen.xib;
			sourceTree = "<group>";
		};
/* End PBXVariantGroup section */

/* Begin XCBuildConfiguration section */
		C4A96B831BDF0E4800412F9E /* Debug */ = {
			isa = XCBuildConfiguration;
			buildSettings = {
				ALWAYS_SEARCH_USER_PATHS = NO;
				CLANG_CXX_LANGUAGE_STANDARD = "gnu++0x";
				CLANG_CXX_LIBRARY = "libc++";
				CLANG_ENABLE_MODULES = YES;
				CLANG_ENABLE_OBJC_ARC = YES;
				CLANG_WARN_BOOL_CONVERSION = YES;
				CLANG_WARN_CONSTANT_CONVERSION = YES;
				CLANG_WARN_DIRECT_OBJC_ISA_USAGE = YES_ERROR;
				CLANG_WARN_EMPTY_BODY = YES;
				CLANG_WARN_ENUM_CONVERSION = YES;
				CLANG_WARN_INT_CONVERSION = YES;
				CLANG_WARN_OBJC_ROOT_CLASS = YES_ERROR;
				CLANG_WARN_UNREACHABLE_CODE = YES;
				CLANG_WARN__DUPLICATE_METHOD_MATCH = YES;
				"CODE_SIGN_IDENTITY[sdk=iphoneos*]" = "iPhone Developer";
				COPY_PHASE_STRIP = NO;
				DEBUG_INFORMATION_FORMAT = "dwarf-with-dsym";
				ENABLE_STRICT_OBJC_MSGSEND = YES;
				ENABLE_TESTABILITY = YES;
				GCC_C_LANGUAGE_STANDARD = gnu99;
				GCC_DYNAMIC_NO_PIC = NO;
				GCC_NO_COMMON_BLOCKS = YES;
				GCC_OPTIMIZATION_LEVEL = 0;
				GCC_PREPROCESSOR_DEFINITIONS = (
					"DEBUG=1",
					"$(inherited)",
				);
				GCC_SYMBOLS_PRIVATE_EXTERN = NO;
				GCC_WARN_64_TO_32_BIT_CONVERSION = YES;
				GCC_WARN_ABOUT_RETURN_TYPE = YES_ERROR;
				GCC_WARN_UNDECLARED_SELECTOR = YES;
				GCC_WARN_UNINITIALIZED_AUTOS = YES_AGGRESSIVE;
				GCC_WARN_UNUSED_FUNCTION = YES;
				GCC_WARN_UNUSED_VARIABLE = YES;
				IPHONEOS_DEPLOYMENT_TARGET = 8.4;
				MTL_ENABLE_DEBUG_INFO = YES;
				ONLY_ACTIVE_ARCH = YES;
				SDKROOT = iphoneos;
				TARGETED_DEVICE_FAMILY = "1,2";
			};
			name = Debug;
		};
		C4A96B841BDF0E4800412F9E /* Release */ = {
			isa = XCBuildConfiguration;
			buildSettings = {
				ALWAYS_SEARCH_USER_PATHS = NO;
				CLANG_CXX_LANGUAGE_STANDARD = "gnu++0x";
				CLANG_CXX_LIBRARY = "libc++";
				CLANG_ENABLE_MODULES = YES;
				CLANG_ENABLE_OBJC_ARC = YES;
				CLANG_WARN_BOOL_CONVERSION = YES;
				CLANG_WARN_CONSTANT_CONVERSION = YES;
				CLANG_WARN_DIRECT_OBJC_ISA_USAGE = YES_ERROR;
				CLANG_WARN_EMPTY_BODY = YES;
				CLANG_WARN_ENUM_CONVERSION = YES;
				CLANG_WARN_INT_CONVERSION = YES;
				CLANG_WARN_OBJC_ROOT_CLASS = YES_ERROR;
				CLANG_WARN_UNREACHABLE_CODE = YES;
				CLANG_WARN__DUPLICATE_METHOD_MATCH = YES;
				"CODE_SIGN_IDENTITY[sdk=iphoneos*]" = "iPhone Developer";
				COPY_PHASE_STRIP = NO;
				DEBUG_INFORMATION_FORMAT = "dwarf-with-dsym";
				ENABLE_NS_ASSERTIONS = NO;
				ENABLE_STRICT_OBJC_MSGSEND = YES;
				GCC_C_LANGUAGE_STANDARD = gnu99;
				GCC_NO_COMMON_BLOCKS = YES;
				GCC_WARN_64_TO_32_BIT_CONVERSION = YES;
				GCC_WARN_ABOUT_RETURN_TYPE = YES_ERROR;
				GCC_WARN_UNDECLARED_SELECTOR = YES;
				GCC_WARN_UNINITIALIZED_AUTOS = YES_AGGRESSIVE;
				GCC_WARN_UNUSED_FUNCTION = YES;
				GCC_WARN_UNUSED_VARIABLE = YES;
				IPHONEOS_DEPLOYMENT_TARGET = 8.4;
				MTL_ENABLE_DEBUG_INFO = NO;
				SDKROOT = iphoneos;
				TARGETED_DEVICE_FAMILY = "1,2";
				VALIDATE_PRODUCT = YES;
			};
			name = Release;
		};
		C4A96B861BDF0E4800412F9E /* Debug */ = {
			isa = XCBuildConfiguration;
			buildSettings = {
				ASSETCATALOG_COMPILER_APPICON_NAME = AppIcon;
				INFOPLIST_FILE = Racoon/Info.plist;
				LD_RUNPATH_SEARCH_PATHS = "$(inherited) @executable_path/Frameworks";
				PRODUCT_BUNDLE_IDENTIFIER = "org.next.$(PRODUCT_NAME:rfc1034identifier)";
				PRODUCT_NAME = "$(TARGET_NAME)";
			};
			name = Debug;
		};
		C4A96B871BDF0E4800412F9E /* Release */ = {
			isa = XCBuildConfiguration;
			buildSettings = {
				ASSETCATALOG_COMPILER_APPICON_NAME = AppIcon;
				INFOPLIST_FILE = Racoon/Info.plist;
				LD_RUNPATH_SEARCH_PATHS = "$(inherited) @executable_path/Frameworks";
				PRODUCT_BUNDLE_IDENTIFIER = "org.next.$(PRODUCT_NAME:rfc1034identifier)";
				PRODUCT_NAME = "$(TARGET_NAME)";
			};
			name = Release;
		};
		C4A96B891BDF0E4800412F9E /* Debug */ = {
			isa = XCBuildConfiguration;
			buildSettings = {
				BUNDLE_LOADER = "$(TEST_HOST)";
				FRAMEWORK_SEARCH_PATHS = (
					"$(SDKROOT)/Developer/Library/Frameworks",
					"$(inherited)",
				);
				GCC_PREPROCESSOR_DEFINITIONS = (
					"DEBUG=1",
					"$(inherited)",
				);
				INFOPLIST_FILE = RacoonTests/Info.plist;
				LD_RUNPATH_SEARCH_PATHS = "$(inherited) @executable_path/Frameworks @loader_path/Frameworks";
				PRODUCT_BUNDLE_IDENTIFIER = "org.next.$(PRODUCT_NAME:rfc1034identifier)";
				PRODUCT_NAME = "$(TARGET_NAME)";
				TEST_HOST = "$(BUILT_PRODUCTS_DIR)/Racoon.app/Racoon";
			};
			name = Debug;
		};
		C4A96B8A1BDF0E4800412F9E /* Release */ = {
			isa = XCBuildConfiguration;
			buildSettings = {
				BUNDLE_LOADER = "$(TEST_HOST)";
				FRAMEWORK_SEARCH_PATHS = (
					"$(SDKROOT)/Developer/Library/Frameworks",
					"$(inherited)",
				);
				INFOPLIST_FILE = RacoonTests/Info.plist;
				LD_RUNPATH_SEARCH_PATHS = "$(inherited) @executable_path/Frameworks @loader_path/Frameworks";
				PRODUCT_BUNDLE_IDENTIFIER = "org.next.$(PRODUCT_NAME:rfc1034identifier)";
				PRODUCT_NAME = "$(TARGET_NAME)";
				TEST_HOST = "$(BUILT_PRODUCTS_DIR)/Racoon.app/Racoon";
			};
			name = Release;
		};
/* End XCBuildConfiguration section */

/* Begin XCConfigurationList section */
		C4A96B5D1BDF0E4700412F9E /* Build configuration list for PBXProject "Racoon" */ = {
			isa = XCConfigurationList;
			buildConfigurations = (
				C4A96B831BDF0E4800412F9E /* Debug */,
				C4A96B841BDF0E4800412F9E /* Release */,
			);
			defaultConfigurationIsVisible = 0;
			defaultConfigurationName = Release;
		};
		C4A96B851BDF0E4800412F9E /* Build configuration list for PBXNativeTarget "Racoon" */ = {
			isa = XCConfigurationList;
			buildConfigurations = (
				C4A96B861BDF0E4800412F9E /* Debug */,
				C4A96B871BDF0E4800412F9E /* Release */,
			);
			defaultConfigurationIsVisible = 0;
			defaultConfigurationName = Release;
		};
		C4A96B881BDF0E4800412F9E /* Build configuration list for PBXNativeTarget "RacoonTests" */ = {
			isa = XCConfigurationList;
			buildConfigurations = (
				C4A96B891BDF0E4800412F9E /* Debug */,
				C4A96B8A1BDF0E4800412F9E /* Release */,
			);
			defaultConfigurationIsVisible = 0;
			defaultConfigurationName = Release;
		};
/* End XCConfigurationList section */
	};
	rootObject = C4A96B5A1BDF0E4700412F9E /* Project object */;
}
